
Microsoft Visual Studio Solution File, Format Version 12.00
# Visual Studio Version 17
VisualStudioVersion = 17.6.33712.159
MinimumVisualStudioVersion = 10.0.40219.1
Project("{FAE04EC0-301F-11D3-BF4B-00C04F79EFBC}") = "blockchain_cs", "blockchain_cs.csproj", "{4C91314C-1318-4B73-8055-E1FD6846C104}"
EndProject
Project("{2150E333-8FDC-42A3-9474-1A3956D46DE8}") = "Элементы решения", "Элементы решения", "{AB50D89F-9654-49F9-BFA5-F3BE44D51E7F}"
	ProjectSection(SolutionItems) = preProject
		sha__256.cs = sha__256.cs
	EndProjectSection
EndProject
Global
	GlobalSection(SolutionConfigurationPlatforms) = preSolution
		Debug|Any CPU = Debug|Any CPU
		Release|Any CPU = Release|Any CPU
	EndGlobalSection
	GlobalSection(ProjectConfigurationPlatforms) = postSolution
		{4C91314C-1318-4B73-8055-E1FD6846C104}.Debug|Any CPU.ActiveCfg = Debug|Any CPU
		{4C91314C-1318-4B73-8055-E1FD6846C104}.Debug|Any CPU.Build.0 = Debug|Any CPU
		{4C91314C-1318-4B73-8055-E1FD6846C104}.Release|Any CPU.ActiveCfg = Release|Any CPU
		{4C91314C-1318-4B73-8055-E1FD6846C104}.Release|Any CPU.Build.0 = Release|Any CPU
	EndGlobalSection
	GlobalSection(SolutionProperties) = preSolution
		HideSolutionNode = FALSE
	EndGlobalSection
	GlobalSection(ExtensibilityGlobals) = postSolution
		SolutionGuid = {A0CF3FBE-EEC5-4B24-A1F7-988005435D11}
	EndGlobalSection
EndGlobal
